
Microsoft Visual Studio Solution File, Format Version 12.00
# Visual Studio Version 17
VisualStudioVersion = 17.0.31612.314
MinimumVisualStudioVersion = 10.0.40219.1
Project("{FAE04EC0-301F-11D3-BF4B-00C04F79EFBC}") = "WebAPI", "WebAPI\WebAPI.csproj", "{2B79F0B3-5816-45FC-98DB-6F2AD7F54764}"
EndProject
Global
	GlobalSection(SolutionConfigurationPlatforms) = preSolution
		Debug|Any CPU = Debug|Any CPU
		Release|Any CPU = Release|Any CPU
	EndGlobalSection
	GlobalSection(ProjectConfigurationPlatforms) = postSolution
		{2B79F0B3-5816-45FC-98DB-6F2AD7F54764}.Debug|Any CPU.ActiveCfg = Debug|Any CPU
		{2B79F0B3-5816-45FC-98DB-6F2AD7F54764}.Debug|Any CPU.Build.0 = Debug|Any CPU
		{2B79F0B3-5816-45FC-98DB-6F2AD7F54764}.Release|Any CPU.ActiveCfg = Release|Any CPU
		{2B79F0B3-5816-45FC-98DB-6F2AD7F54764}.Release|Any CPU.Build.0 = Release|Any CPU
	EndGlobalSection
	GlobalSection(SolutionProperties) = preSolution
		HideSolutionNode = FALSE
	EndGlobalSection
	GlobalSection(ExtensibilityGlobals) = postSolution
		SolutionGuid = {786A7BDF-4C50-4CB4-BE39-2DED7B623934}
	EndGlobalSection
EndGlobal
